
Microsoft Visual Studio Solution File, Format Version 12.00
# Visual Studio Version 17
VisualStudioVersion = 17.3.32929.385
MinimumVisualStudioVersion = 10.0.40219.1
Project("{FAE04EC0-301F-11D3-BF4B-00C04F79EFBC}") = "ilk_program", "first\ilk_program.csproj", "{852743D4-629E-479F-837D-4B1A81063007}"
EndProject
Global
	GlobalSection(SolutionConfigurationPlatforms) = preSolution
		Debug|Any CPU = Debug|Any CPU
		Release|Any CPU = Release|Any CPU
	EndGlobalSection
	GlobalSection(ProjectConfigurationPlatforms) = postSolution
		{852743D4-629E-479F-837D-4B1A81063007}.Debug|Any CPU.ActiveCfg = Debug|Any CPU
		{852743D4-629E-479F-837D-4B1A81063007}.Debug|Any CPU.Build.0 = Debug|Any CPU
		{852743D4-629E-479F-837D-4B1A81063007}.Release|Any CPU.ActiveCfg = Release|Any CPU
		{852743D4-629E-479F-837D-4B1A81063007}.Release|Any CPU.Build.0 = Release|Any CPU
	EndGlobalSection
	GlobalSection(SolutionProperties) = preSolution
		HideSolutionNode = FALSE
	EndGlobalSection
	GlobalSection(ExtensibilityGlobals) = postSolution
		SolutionGuid = {89DFC3B6-970B-4FBC-82C4-3EAC1BDCEC68}
	EndGlobalSection
EndGlobal
