
Microsoft Visual Studio Solution File, Format Version 12.00
# Visual Studio Version 17
VisualStudioVersion = 17.4.33103.184
MinimumVisualStudioVersion = 10.0.40219.1
Project("{FAE04EC0-301F-11D3-BF4B-00C04F79EFBC}") = "binary_dosyalama", "binary_dosyalama\binary_dosyalama.csproj", "{424FE7D4-9D32-4A96-B84E-A9B98454BAB8}"
EndProject
Global
	GlobalSection(SolutionConfigurationPlatforms) = preSolution
		Debug|Any CPU = Debug|Any CPU
		Release|Any CPU = Release|Any CPU
	EndGlobalSection
	GlobalSection(ProjectConfigurationPlatforms) = postSolution
		{424FE7D4-9D32-4A96-B84E-A9B98454BAB8}.Debug|Any CPU.ActiveCfg = Debug|Any CPU
		{424FE7D4-9D32-4A96-B84E-A9B98454BAB8}.Debug|Any CPU.Build.0 = Debug|Any CPU
		{424FE7D4-9D32-4A96-B84E-A9B98454BAB8}.Release|Any CPU.ActiveCfg = Release|Any CPU
		{424FE7D4-9D32-4A96-B84E-A9B98454BAB8}.Release|Any CPU.Build.0 = Release|Any CPU
	EndGlobalSection
	GlobalSection(SolutionProperties) = preSolution
		HideSolutionNode = FALSE
	EndGlobalSection
	GlobalSection(ExtensibilityGlobals) = postSolution
		SolutionGuid = {51D84C4C-E0D6-4756-B9C0-2EBF86243532}
	EndGlobalSection
EndGlobal
